
Microsoft Visual Studio Solution File, Format Version 12.00
# Visual Studio Version 17
VisualStudioVersion = 17.8.34525.116
MinimumVisualStudioVersion = 10.0.40219.1
Project("{8BC9CEB8-8B4A-11D0-8D11-00A0C91BC942}") = "Project2", "Project2\Project2.vcxproj", "{EC293BA8-64DC-40A6-954F-E28A4E9AE001}"
EndProject
Global
	GlobalSection(SolutionConfigurationPlatforms) = preSolution
		Debug|x64 = Debug|x64
		Debug|x86 = Debug|x86
		Release|x64 = Release|x64
		Release|x86 = Release|x86
	EndGlobalSection
	GlobalSection(ProjectConfigurationPlatforms) = postSolution
		{EC293BA8-64DC-40A6-954F-E28A4E9AE001}.Debug|x64.ActiveCfg = Debug|x64
		{EC293BA8-64DC-40A6-954F-E28A4E9AE001}.Debug|x64.Build.0 = Debug|x64
		{EC293BA8-64DC-40A6-954F-E28A4E9AE001}.Debug|x86.ActiveCfg = Debug|Win32
		{EC293BA8-64DC-40A6-954F-E28A4E9AE001}.Debug|x86.Build.0 = Debug|Win32
		{EC293BA8-64DC-40A6-954F-E28A4E9AE001}.Release|x64.ActiveCfg = Release|x64
		{EC293BA8-64DC-40A6-954F-E28A4E9AE001}.Release|x64.Build.0 = Release|x64
		{EC293BA8-64DC-40A6-954F-E28A4E9AE001}.Release|x86.ActiveCfg = Release|Win32
		{EC293BA8-64DC-40A6-954F-E28A4E9AE001}.Release|x86.Build.0 = Release|Win32
	EndGlobalSection
	GlobalSection(SolutionProperties) = preSolution
		HideSolutionNode = FALSE
	EndGlobalSection
	GlobalSection(ExtensibilityGlobals) = postSolution
		SolutionGuid = {57A77B0F-C531-45D8-B706-971A03FB6D6D}
	EndGlobalSection
EndGlobal
